[[tools.argocd]]
version = "3.5.1"
backend = "aqua:argoproj/argo-cd"
"platforms.linux-x64" = { checksum = "sha256:0a66b7150608e3f8ae07c521d56c9f34244033cf88a83e0953f7337a3799035e", url = "https://github.com/argoproj/argo-cd/releases/download/v3.5.1/argocd-linux-amd64"}

[[tools.awscli]]
version = "2.36.31"
backend = "aqua:aws/aws-cli"
"platforms.linux-x64" = { checksum = "blake3:2e9a06f513dabf8b64e46734c0327e4c2c4a4ba8bbc3f770d6fc28cca8d8b069", url = "https://awscli.amazonaws.com/awscli-exe-linux-x86_64-2.36.31.zip"}

[[tools.docker-compose]]
version = "5.5.0"
backend = "aqua:docker/compose"
"platforms.linux-x64" = { checksum = "sha256:c57ab918abd5b05ca7e7d0f275875dd1330a695074f309dc9eab1b49efafcd4b", url = "https://github.com/docker/compose/releases/download/v5.5.0/docker-compose-linux-x86_64"}

[[tools.helm]]
version = "4.2.4"
backend = "aqua:helm/helm"
"platforms.linux-x64" = { checksum = "sha256:c306b46f719b0a4da32d0f78ee21bf90ce8d602f15b22ab753f0674d1670a7f3", url = "https://get.helm.sh/helm-v4.2.4-linux-amd64.tar.gz"}

[[tools.k9s]]
version = "0.51.0"
backend = "aqua:derailed/k9s"
"platforms.linux-x64" = { checksum = "sha256:c3752ad51a5a4015a113819c4eeb6e55a4d0e4b8e652494797532f6fc8161dd7", url = "https://github.com/derailed/k9s/releases/download/v0.51.0/k9s_Linux_amd64.tar.gz"}

[[tools.kubectl]]
version = "1.36.4"
backend = "aqua:kubernetes/kubernetes/kubectl"
"platforms.linux-x64" = { checksum = "sha256:8b8f088da2dab964f853b38464033b1be15ede2839eca751482357c45abdd05a", url = "https://dl.k8s.io/v1.36.4/bin/linux/amd64/kubectl"}

[[tools.poetry]]
version = "2.4.1"
backend = "asdf:poetry"

[[tools.python]]
version = "system"
backend = "core:python"

[[tools.ruff]]
version = "0.16.4"
backend = "aqua:astral-sh/ruff"
"platforms.linux-x64" = { checksum = "sha256:0c2a1616b0782dbf7ee04239576887c4c894277189e04ba94ff3160eba9c1863", url = "https://github.com/astral-sh/ruff/releases/download/0.16.4/ruff-x86_64-unknown-linux-musl.tar.gz"}

[[tools.sops]]
version = "3.13.3"
backend = "aqua:getsops/sops"
"platforms.linux-x64" = { checksum = "sha256:e5bec3346a873ae91d871550f3e698c1aad962aff462a080e40f25fde17fef6b", url = "https://github.com/getsops/sops/releases/download/v3.13.3/sops-v3.13.3.linux.amd64"}

[[tools.terraform]]
version = "1.15.9"
backend = "aqua:hashicorp/terraform"
"platforms.linux-x64" = { checksum = "sha256:76edd0b22d2f27d3d2e097cd793209646f719cf60f02ff3af626b07361137da1", url = "https://releases.hashicorp.com/terraform/1.15.9/terraform_1.15.9_linux_amd64.zip"}

[[tools.trivy]]
version = "0.74.0"
backend = "aqua:aquasecurity/trivy"
"platforms.linux-x64" = { checksum = "sha256:2ae6fe3ee734b7fdf11335663e18c75ea12dccc76062f09f164a3b0f8be4371a", url = "https://github.com/aquasecurity/trivy/releases/download/v0.74.0/trivy_0.74.0_Linux-64bit.tar.gz"}

[[tools.uv]]
version = "0.12.6"
backend = "aqua:astral-sh/uv"
"platforms.linux-x64" = { checksum = "sha256:14e4172aace66a475062cebec7ca04f497d5619e95325dfcc9e4447b9c516846", url = "https://github.com/astral-sh/uv/releases/download/0.12.6/uv-x86_64-unknown-linux-musl.tar.gz"}
