{
    "_meta": {
        "hash": {
            "sha256": "ce0ab742b61b7b29ecb1145bf519e6d3838ab0652546471dd5a366f367c87b13"
        },
        "pipfile-spec": 6,
        "requires": {},
        "sources": [
            {
                "name": "pypi",
                "url": "https://pypi.python.org/simple",
                "verify_ssl": true
            },
            {
                "name": "gitlab",
                "url": "https://package_read:${CI_PIP_GITLABJUSMUNDI_TOKEN}@gitlab.com/api/v4/groups/7364654/-/packages/pypi/simple",
                "verify_ssl": false
            }
        ]
    },
    "default": {},
    "develop": {}
}
