version = 1
revision = 3
requires-python = ">=3.12"

[[package]]
name = "fastapi-sample"
version = "1.3.5"
source = { editable = "." }
dependencies = [
    { name = "legacy-cgi" },
]

[package.metadata]
requires-dist = [{ name = "legacy-cgi", specifier = ">=2.6.4,<3.0.0" }]

[[package]]
name = "legacy-cgi"
version = "2.6.4"
source = { registry = "https://pypi.org/simple" }
sdist = { url = "https://files.pythonhosted.org/packages/f4/9c/91c7d2c5ebbdf0a1a510bfa0ddeaa2fbb5b78677df5ac0a0aa51cf7125b0/legacy_cgi-2.6.4.tar.gz", hash = "sha256:abb9dfc7835772f7c9317977c63253fd22a7484b5c9bbcdca60a29dcce97c577", size = 24603, upload-time = "2025-10-27T05:20:05.395Z" }
wheels = [
    { url = "https://files.pythonhosted.org/packages/8c/7e/e7394eeb49a41cc514b3eb49020223666cbf40d86f5721c2f07871e6d84a/legacy_cgi-2.6.4-py3-none-any.whl", hash = "sha256:7e235ce58bf1e25d1fc9b2d299015e4e2cd37305eccafec1e6bac3fc04b878cd", size = 20035, upload-time = "2025-10-27T05:20:04.289Z" },
]
