# This file is automatically @generated by Poetry 2.1.3 and should not be changed by hand.

[[package]]
name = "dynamic"
version = "0.1.1"
description = "Class to create dynamic objects."
optional = false
python-versions = "*"
groups = ["main"]
files = [
    {file = "dynamic-0.1.1.tar.gz", hash = "sha256:385a601076538274a42060b1d650fe662f7aa5b15ae95bbdd4ac6d2c49302dba"},
]

[metadata]
lock-version = "2.1"
python-versions = ">=3.12,<4.0"
content-hash = "b66d7197416d8aac3fcab41e8cd4d1235168f92085844ff49786d95603a81f83"
