version = 1
revision = 2
requires-python = ">=3.12"

[[package]]
name = "dynamic"
version = "0.1.1"
source = { registry = "https://pypi.org/simple" }
sdist = { url = "https://files.pythonhosted.org/packages/cb/73/23ee6a1b99c1a3dfc5e3f66b5f3921bc1707a04509911d770f8f67565eb8/dynamic-0.1.1.tar.gz", hash = "sha256:385a601076538274a42060b1d650fe662f7aa5b15ae95bbdd4ac6d2c49302dba", size = 2841, upload-time = "2016-03-23T16:57:28.366Z" }

[[package]]
name = "my-app"
version = "1.1.0"
source = { virtual = "." }
dependencies = [
    { name = "dynamic" },
]

[package.metadata]
requires-dist = [{ name = "dynamic" }]
